
Microsoft Visual Studio Solution File, Format Version 12.00
# Visual Studio Version 17
VisualStudioVersion = 17.9.34728.123
MinimumVisualStudioVersion = 10.0.40219.1
Project("{FAE04EC0-301F-11D3-BF4B-00C04F79EFBC}") = "TurboPong", "TurboPong\TurboPong.csproj", "{1CACD895-6ED6-48E7-9F97-A5FA0A0FAA32}"
EndProject
Global
	GlobalSection(SolutionConfigurationPlatforms) = preSolution
		Debug|Any CPU = Debug|Any CPU
		Release|Any CPU = Release|Any CPU
	EndGlobalSection
	GlobalSection(ProjectConfigurationPlatforms) = postSolution
		{1CACD895-6ED6-48E7-9F97-A5FA0A0FAA32}.Debug|Any CPU.ActiveCfg = Debug|Any CPU
		{1CACD895-6ED6-48E7-9F97-A5FA0A0FAA32}.Debug|Any CPU.Build.0 = Debug|Any CPU
		{1CACD895-6ED6-48E7-9F97-A5FA0A0FAA32}.Release|Any CPU.ActiveCfg = Release|Any CPU
		{1CACD895-6ED6-48E7-9F97-A5FA0A0FAA32}.Release|Any CPU.Build.0 = Release|Any CPU
	EndGlobalSection
	GlobalSection(SolutionProperties) = preSolution
		HideSolutionNode = FALSE
	EndGlobalSection
	GlobalSection(ExtensibilityGlobals) = postSolution
		SolutionGuid = {6DA5F5BE-0507-4B97-818F-7173580EC219}
	EndGlobalSection
EndGlobal
